
Microsoft Visual Studio Solution File, Format Version 12.00
# Visual Studio Version 17
VisualStudioVersion = 17.6.33723.286
MinimumVisualStudioVersion = 10.0.40219.1
Project("{FAE04EC0-301F-11D3-BF4B-00C04F79EFBC}") = "WindowsFormsDBAccess", "WindowsFormsDBAccess.csproj", "{21C83136-E505-4B25-A4C6-FDF0824B0BB1}"
EndProject
Global
	GlobalSection(SolutionConfigurationPlatforms) = preSolution
		Debug|Any CPU = Debug|Any CPU
		Release|Any CPU = Release|Any CPU
	EndGlobalSection
	GlobalSection(ProjectConfigurationPlatforms) = postSolution
		{21C83136-E505-4B25-A4C6-FDF0824B0BB1}.Debug|Any CPU.ActiveCfg = Debug|Any CPU
		{21C83136-E505-4B25-A4C6-FDF0824B0BB1}.Debug|Any CPU.Build.0 = Debug|Any CPU
		{21C83136-E505-4B25-A4C6-FDF0824B0BB1}.Release|Any CPU.ActiveCfg = Release|Any CPU
		{21C83136-E505-4B25-A4C6-FDF0824B0BB1}.Release|Any CPU.Build.0 = Release|Any CPU
	EndGlobalSection
	GlobalSection(SolutionProperties) = preSolution
		HideSolutionNode = FALSE
	EndGlobalSection
	GlobalSection(ExtensibilityGlobals) = postSolution
		SolutionGuid = {A9B4B5DF-2237-4E99-A308-9E300B7F913D}
	EndGlobalSection
EndGlobal
